// !$*UTF8*$!
{
	archiveVersion = 1;
	classes = {
	};
	objectVersion = 50;
	objects = {

/* Begin PBXBuildFile section */
		071F4DE4218B63F6005C7B24 /* TurnActionDamage.swift in Sources */ = {isa = PBXBuildFile; fileRef = 071F4DE3218B63F6005C7B24 /* TurnActionDamage.swift */; };
		071F4DE6218B6F08005C7B24 /* TurnActionCommonShoot.swift in Sources */ = {isa = PBXBuildFile; fileRef = 071F4DE5218B6F08005C7B24 /* TurnActionCommonShoot.swift */; };
		071F4DE8218B6F3B005C7B24 /* GameBalance.swift in Sources */ = {isa = PBXBuildFile; fileRef = 071F4DE7218B6F3B005C7B24 /* GameBalance.swift */; };
		071F4DEA218B949D005C7B24 /* TurnActionTarget.swift in Sources */ = {isa = PBXBuildFile; fileRef = 071F4DE9218B949D005C7B24 /* TurnActionTarget.swift */; };
		07356FBF2190CC5F009C88C7 /* TurnActionAllDirectionsShoot.swift in Sources */ = {isa = PBXBuildFile; fileRef = 07356FBE2190CC5F009C88C7 /* TurnActionAllDirectionsShoot.swift */; };
		07356FC12190D7E4009C88C7 /* TurnActionThrowStone.swift in Sources */ = {isa = PBXBuildFile; fileRef = 07356FC02190D7E4009C88C7 /* TurnActionThrowStone.swift */; };
		07356FC32190D9A6009C88C7 /* TurnActionLightning.swift in Sources */ = {isa = PBXBuildFile; fileRef = 07356FC22190D9A6009C88C7 /* TurnActionLightning.swift */; };
		07356FC52190E4C3009C88C7 /* TurnActionFireSection.swift in Sources */ = {isa = PBXBuildFile; fileRef = 07356FC42190E4C3009C88C7 /* TurnActionFireSection.swift */; };
		07356FC72190F567009C88C7 /* TurnActionOneDirectionShoot.swift in Sources */ = {isa = PBXBuildFile; fileRef = 07356FC62190F567009C88C7 /* TurnActionOneDirectionShoot.swift */; };
		07517E382190BA7800A4D77C /* TurnActionSplashShoot.swift in Sources */ = {isa = PBXBuildFile; fileRef = 07517E372190BA7800A4D77C /* TurnActionSplashShoot.swift */; };
		077CD95D2180B8BF00BCC502 /* Mortal.swift in Sources */ = {isa = PBXBuildFile; fileRef = 077CD95C2180B8BF00BCC502 /* Mortal.swift */; };
		077CD9622180B99500BCC502 /* Character.swift in Sources */ = {isa = PBXBuildFile; fileRef = 077CD95F2180B99500BCC502 /* Character.swift */; };
		077CD9632180B99500BCC502 /* CharacterTurn.swift in Sources */ = {isa = PBXBuildFile; fileRef = 077CD9602180B99500BCC502 /* CharacterTurn.swift */; };
		077CD9642180B99500BCC502 /* CharacterView.swift in Sources */ = {isa = PBXBuildFile; fileRef = 077CD9612180B99500BCC502 /* CharacterView.swift */; };
		07B6DAA8219CE4EE00061F72 /* Movable.swift in Sources */ = {isa = PBXBuildFile; fileRef = 07B6DAA7219CE4EE00061F72 /* Movable.swift */; };
		07B6DAAA219CE5F500061F72 /* TurnActionBlow.swift in Sources */ = {isa = PBXBuildFile; fileRef = 07B6DAA9219CE5F500061F72 /* TurnActionBlow.swift */; };
		07B6DAAC219CEDA300061F72 /* TurnActionHeal.swift in Sources */ = {isa = PBXBuildFile; fileRef = 07B6DAAB219CEDA300061F72 /* TurnActionHeal.swift */; };
		07B6DAB7219CF07700061F72 /* HxMapObject.swift in Sources */ = {isa = PBXBuildFile; fileRef = 07B6DAAE219CF07600061F72 /* HxMapObject.swift */; };
		07B6DAB8219CF07700061F72 /* HxCellView.swift in Sources */ = {isa = PBXBuildFile; fileRef = 07B6DAAF219CF07600061F72 /* HxCellView.swift */; };
		07B6DAB9219CF07700061F72 /* HxGrid.swift in Sources */ = {isa = PBXBuildFile; fileRef = 07B6DAB0219CF07600061F72 /* HxGrid.swift */; };
		07B6DABA219CF07700061F72 /* HxDirection.swift in Sources */ = {isa = PBXBuildFile; fileRef = 07B6DAB1219CF07600061F72 /* HxDirection.swift */; };
		07B6DABB219CF07700061F72 /* HxMap.swift in Sources */ = {isa = PBXBuildFile; fileRef = 07B6DAB2219CF07600061F72 /* HxMap.swift */; };
		07B6DABC219CF07700061F72 /* HxCell.swift in Sources */ = {isa = PBXBuildFile; fileRef = 07B6DAB3219CF07600061F72 /* HxCell.swift */; };
		07B6DABD219CF07700061F72 /* HxMapView.swift in Sources */ = {isa = PBXBuildFile; fileRef = 07B6DAB4219CF07700061F72 /* HxMapView.swift */; };
		07B6DABE219CF07700061F72 /* HxMapObjectView.swift in Sources */ = {isa = PBXBuildFile; fileRef = 07B6DAB5219CF07700061F72 /* HxMapObjectView.swift */; };
		07B6DABF219CF07700061F72 /* HxCoordinates.swift in Sources */ = {isa = PBXBuildFile; fileRef = 07B6DAB6219CF07700061F72 /* HxCoordinates.swift */; };
		07BEFC72217D2B43004AA00A /* TurnActionMove.swift in Sources */ = {isa = PBXBuildFile; fileRef = 07BEFC6D217D2B43004AA00A /* TurnActionMove.swift */; };
		07BEFC73217D2B43004AA00A /* TurnAction.swift in Sources */ = {isa = PBXBuildFile; fileRef = 07BEFC6E217D2B43004AA00A /* TurnAction.swift */; };
		07BEFC76217D2B43004AA00A /* TurnActionSkip.swift in Sources */ = {isa = PBXBuildFile; fileRef = 07BEFC71217D2B43004AA00A /* TurnActionSkip.swift */; };
		07DBB28120A0EFD2006DB7F7 /* AppDelegate.swift in Sources */ = {isa = PBXBuildFile; fileRef = 07DBB28020A0EFD2006DB7F7 /* AppDelegate.swift */; };
		07DBB28720A0EFD2006DB7F7 /* GameScene.swift in Sources */ = {isa = PBXBuildFile; fileRef = 07DBB28620A0EFD2006DB7F7 /* GameScene.swift */; };
		07DBB28920A0EFD2006DB7F7 /* GameViewController.swift in Sources */ = {isa = PBXBuildFile; fileRef = 07DBB28820A0EFD2006DB7F7 /* GameViewController.swift */; };
		07DBB28C20A0EFD2006DB7F7 /* Main.storyboard in Resources */ = {isa = PBXBuildFile; fileRef = 07DBB28A20A0EFD2006DB7F7 /* Main.storyboard */; };
		07DBB28E20A0EFD4006DB7F7 /* Assets.xcassets in Resources */ = {isa = PBXBuildFile; fileRef = 07DBB28D20A0EFD4006DB7F7 /* Assets.xcassets */; };
		07DBB29120A0EFD4006DB7F7 /* LaunchScreen.storyboard in Resources */ = {isa = PBXBuildFile; fileRef = 07DBB28F20A0EFD4006DB7F7 /* LaunchScreen.storyboard */; };
		07DBB29C20A0EFD4006DB7F7 /* tacticalduelTests.swift in Sources */ = {isa = PBXBuildFile; fileRef = 07DBB29B20A0EFD4006DB7F7 /* tacticalduelTests.swift */; };
		07DBB2A720A0EFD4006DB7F7 /* tacticalduelUITests.swift in Sources */ = {isa = PBXBuildFile; fileRef = 07DBB2A620A0EFD4006DB7F7 /* tacticalduelUITests.swift */; };
/* End PBXBuildFile section */

/* Begin PBXContainerItemProxy section */
		07DBB29820A0EFD4006DB7F7 /* PBXContainerItemProxy */ = {
			isa = PBXContainerItemProxy;
			containerPortal = 07DBB27520A0EFD2006DB7F7 /* Project object */;
			proxyType = 1;
			remoteGlobalIDString = 07DBB27C20A0EFD2006DB7F7;
			remoteInfo = tacticalduel;
		};
		07DBB2A320A0EFD4006DB7F7 /* PBXContainerItemProxy */ = {
			isa = PBXContainerItemProxy;
			containerPortal = 07DBB27520A0EFD2006DB7F7 /* Project object */;
			proxyType = 1;
			remoteGlobalIDString = 07DBB27C20A0EFD2006DB7F7;
			remoteInfo = tacticalduel;
		};
/* End PBXContainerItemProxy section */

/* Begin PBXFileReference section */
		071F4DE3218B63F6005C7B24 /* TurnActionDamage.swift */ = {isa = PBXFileReference; fileEncoding = 4; lastKnownFileType = sourcecode.swift; path = TurnActionDamage.swift; sourceTree = "<group>"; };
		071F4DE5218B6F08005C7B24 /* TurnActionCommonShoot.swift */ = {isa = PBXFileReference; lastKnownFileType = sourcecode.swift; path = TurnActionCommonShoot.swift; sourceTree = "<group>"; };
		071F4DE7218B6F3B005C7B24 /* GameBalance.swift */ = {isa = PBXFileReference; lastKnownFileType = sourcecode.swift; path = GameBalance.swift; sourceTree = "<group>"; };
		071F4DE9218B949D005C7B24 /* TurnActionTarget.swift */ = {isa = PBXFileReference; lastKnownFileType = sourcecode.swift; path = TurnActionTarget.swift; sourceTree = "<group>"; };
		07356FBE2190CC5F009C88C7 /* TurnActionAllDirectionsShoot.swift */ = {isa = PBXFileReference; lastKnownFileType = sourcecode.swift; path = TurnActionAllDirectionsShoot.swift; sourceTree = "<group>"; };
		07356FC02190D7E4009C88C7 /* TurnActionThrowStone.swift */ = {isa = PBXFileReference; lastKnownFileType = sourcecode.swift; path = TurnActionThrowStone.swift; sourceTree = "<group>"; };
		07356FC22190D9A6009C88C7 /* TurnActionLightning.swift */ = {isa = PBXFileReference; lastKnownFileType = sourcecode.swift; path = TurnActionLightning.swift; sourceTree = "<group>"; };
		07356FC42190E4C3009C88C7 /* TurnActionFireSection.swift */ = {isa = PBXFileReference; lastKnownFileType = sourcecode.swift; path = TurnActionFireSection.swift; sourceTree = "<group>"; };
		07356FC62190F567009C88C7 /* TurnActionOneDirectionShoot.swift */ = {isa = PBXFileReference; lastKnownFileType = sourcecode.swift; path = TurnActionOneDirectionShoot.swift; sourceTree = "<group>"; };
		07517E372190BA7800A4D77C /* TurnActionSplashShoot.swift */ = {isa = PBXFileReference; lastKnownFileType = sourcecode.swift; path = TurnActionSplashShoot.swift; sourceTree = "<group>"; };
		077CD95C2180B8BF00BCC502 /* Mortal.swift */ = {isa = PBXFileReference; lastKnownFileType = sourcecode.swift; path = Mortal.swift; sourceTree = "<group>"; };
		077CD95F2180B99500BCC502 /* Character.swift */ = {isa = PBXFileReference; fileEncoding = 4; lastKnownFileType = sourcecode.swift; path = Character.swift; sourceTree = "<group>"; };
		077CD9602180B99500BCC502 /* CharacterTurn.swift */ = {isa = PBXFileReference; fileEncoding = 4; lastKnownFileType = sourcecode.swift; path = CharacterTurn.swift; sourceTree = "<group>"; };
		077CD9612180B99500BCC502 /* CharacterView.swift */ = {isa = PBXFileReference; fileEncoding = 4; lastKnownFileType = sourcecode.swift; path = CharacterView.swift; sourceTree = "<group>"; };
		07B6DAA7219CE4EE00061F72 /* Movable.swift */ = {isa = PBXFileReference; lastKnownFileType = sourcecode.swift; path = Movable.swift; sourceTree = "<group>"; };
		07B6DAA9219CE5F500061F72 /* TurnActionBlow.swift */ = {isa = PBXFileReference; lastKnownFileType = sourcecode.swift; path = TurnActionBlow.swift; sourceTree = "<group>"; };
		07B6DAAB219CEDA300061F72 /* TurnActionHeal.swift */ = {isa = PBXFileReference; lastKnownFileType = sourcecode.swift; path = TurnActionHeal.swift; sourceTree = "<group>"; };
		07B6DAAE219CF07600061F72 /* HxMapObject.swift */ = {isa = PBXFileReference; fileEncoding = 4; lastKnownFileType = sourcecode.swift; path = HxMapObject.swift; sourceTree = "<group>"; };
		07B6DAAF219CF07600061F72 /* HxCellView.swift */ = {isa = PBXFileReference; fileEncoding = 4; lastKnownFileType = sourcecode.swift; path = HxCellView.swift; sourceTree = "<group>"; };
		07B6DAB0219CF07600061F72 /* HxGrid.swift */ = {isa = PBXFileReference; fileEncoding = 4; lastKnownFileType = sourcecode.swift; path = HxGrid.swift; sourceTree = "<group>"; };
		07B6DAB1219CF07600061F72 /* HxDirection.swift */ = {isa = PBXFileReference; fileEncoding = 4; lastKnownFileType = sourcecode.swift; path = HxDirection.swift; sourceTree = "<group>"; };
		07B6DAB2219CF07600061F72 /* HxMap.swift */ = {isa = PBXFileReference; fileEncoding = 4; lastKnownFileType = sourcecode.swift; path = HxMap.swift; sourceTree = "<group>"; };
		07B6DAB3219CF07600061F72 /* HxCell.swift */ = {isa = PBXFileReference; fileEncoding = 4; lastKnownFileType = sourcecode.swift; path = HxCell.swift; sourceTree = "<group>"; };
		07B6DAB4219CF07700061F72 /* HxMapView.swift */ = {isa = PBXFileReference; fileEncoding = 4; lastKnownFileType = sourcecode.swift; path = HxMapView.swift; sourceTree = "<group>"; };
		07B6DAB5219CF07700061F72 /* HxMapObjectView.swift */ = {isa = PBXFileReference; fileEncoding = 4; lastKnownFileType = sourcecode.swift; path = HxMapObjectView.swift; sourceTree = "<group>"; };
		07B6DAB6219CF07700061F72 /* HxCoordinates.swift */ = {isa = PBXFileReference; fileEncoding = 4; lastKnownFileType = sourcecode.swift; path = HxCoordinates.swift; sourceTree = "<group>"; };
		07BEFC6D217D2B43004AA00A /* TurnActionMove.swift */ = {isa = PBXFileReference; fileEncoding = 4; lastKnownFileType = sourcecode.swift; path = TurnActionMove.swift; sourceTree = "<group>"; };
		07BEFC6E217D2B43004AA00A /* TurnAction.swift */ = {isa = PBXFileReference; fileEncoding = 4; lastKnownFileType = sourcecode.swift; path = TurnAction.swift; sourceTree = "<group>"; };
		07BEFC71217D2B43004AA00A /* TurnActionSkip.swift */ = {isa = PBXFileReference; fileEncoding = 4; lastKnownFileType = sourcecode.swift; path = TurnActionSkip.swift; sourceTree = "<group>"; };
		07DBB27D20A0EFD2006DB7F7 /* tacticalduel.app */ = {isa = PBXFileReference; explicitFileType = wrapper.application; includeInIndex = 0; path = tacticalduel.app; sourceTree = BUILT_PRODUCTS_DIR; };
		07DBB28020A0EFD2006DB7F7 /* AppDelegate.swift */ = {isa = PBXFileReference; lastKnownFileType = sourcecode.swift; path = AppDelegate.swift; sourceTree = "<group>"; };
		07DBB28620A0EFD2006DB7F7 /* GameScene.swift */ = {isa = PBXFileReference; lastKnownFileType = sourcecode.swift; path = GameScene.swift; sourceTree = "<group>"; };
		07DBB28820A0EFD2006DB7F7 /* GameViewController.swift */ = {isa = PBXFileReference; lastKnownFileType = sourcecode.swift; path = GameViewController.swift; sourceTree = "<group>"; };
		07DBB28B20A0EFD2006DB7F7 /* Base */ = {isa = PBXFileReference; lastKnownFileType = file.storyboard; name = Base; path = Base.lproj/Main.storyboard; sourceTree = "<group>"; };
		07DBB28D20A0EFD4006DB7F7 /* Assets.xcassets */ = {isa = PBXFileReference; lastKnownFileType = folder.assetcatalog; path = Assets.xcassets; sourceTree = "<group>"; };
		07DBB29020A0EFD4006DB7F7 /* Base */ = {isa = PBXFileReference; lastKnownFileType = file.storyboard; name = Base; path = Base.lproj/LaunchScreen.storyboard; sourceTree = "<group>"; };
		07DBB29220A0EFD4006DB7F7 /* Info.plist */ = {isa = PBXFileReference; lastKnownFileType = text.plist.xml; path = Info.plist; sourceTree = "<group>"; };
		07DBB29720A0EFD4006DB7F7 /* tacticalduelTests.xctest */ = {isa = PBXFileReference; explicitFileType = wrapper.cfbundle; includeInIndex = 0; path = tacticalduelTests.xctest; sourceTree = BUILT_PRODUCTS_DIR; };
		07DBB29B20A0EFD4006DB7F7 /* tacticalduelTests.swift */ = {isa = PBXFileReference; lastKnownFileType = sourcecode.swift; path = tacticalduelTests.swift; sourceTree = "<group>"; };
		07DBB29D20A0EFD4006DB7F7 /* Info.plist */ = {isa = PBXFileReference; lastKnownFileType = text.plist.xml; path = Info.plist; sourceTree = "<group>"; };
		07DBB2A220A0EFD4006DB7F7 /* tacticalduelUITests.xctest */ = {isa = PBXFileReference; explicitFileType = wrapper.cfbundle; includeInIndex = 0; path = tacticalduelUITests.xctest; sourceTree = BUILT_PRODUCTS_DIR; };
		07DBB2A620A0EFD4006DB7F7 /* tacticalduelUITests.swift */ = {isa = PBXFileReference; lastKnownFileType = sourcecode.swift; path = tacticalduelUITests.swift; sourceTree = "<group>"; };
		07DBB2A820A0EFD4006DB7F7 /* Info.plist */ = {isa = PBXFileReference; lastKnownFileType = text.plist.xml; path = Info.plist; sourceTree = "<group>"; };
		07DBB2BE20A0F174006DB7F7 /* hexamap.framework */ = {isa = PBXFileReference; explicitFileType = wrapper.framework; path = hexamap.framework; sourceTree = BUILT_PRODUCTS_DIR; };
		07DBB2C620A0F89D006DB7F7 /* hexamap.framework */ = {isa = PBXFileReference; explicitFileType = wrapper.framework; path = hexamap.framework; sourceTree = BUILT_PRODUCTS_DIR; };
		07DBB2C820A0FBB4006DB7F7 /* Hexamap.framework */ = {isa = PBXFileReference; explicitFileType = wrapper.framework; path = Hexamap.framework; sourceTree = BUILT_PRODUCTS_DIR; };
/* End PBXFileReference section */

/* Begin PBXFrameworksBuildPhase section */
		07DBB27A20A0EFD2006DB7F7 /* Frameworks */ = {
			isa = PBXFrameworksBuildPhase;
			buildActionMask = 2147483647;
			files = (
			);
			runOnlyForDeploymentPostprocessing = 0;
		};
		07DBB29420A0EFD4006DB7F7 /* Frameworks */ = {
			isa = PBXFrameworksBuildPhase;
			buildActionMask = 2147483647;
			files = (
			);
			runOnlyForDeploymentPostprocessing = 0;
		};
		07DBB29F20A0EFD4006DB7F7 /* Frameworks */ = {
			isa = PBXFrameworksBuildPhase;
			buildActionMask = 2147483647;
			files = (
			);
			runOnlyForDeploymentPostprocessing = 0;
		};
/* End PBXFrameworksBuildPhase section */

/* Begin PBXGroup section */
		07205D5C2173E0E10010E3E0 /* Supporting Files */ = {
			isa = PBXGroup;
			children = (
				07DBB28020A0EFD2006DB7F7 /* AppDelegate.swift */,
				07DBB28D20A0EFD4006DB7F7 /* Assets.xcassets */,
				07DBB29220A0EFD4006DB7F7 /* Info.plist */,
				07DBB28F20A0EFD4006DB7F7 /* LaunchScreen.storyboard */,
				07DBB28A20A0EFD2006DB7F7 /* Main.storyboard */,
			);
			name = "Supporting Files";
			sourceTree = "<group>";
		};
		077CD957217FC13400BCC502 /* Components */ = {
			isa = PBXGroup;
			children = (
				077CD95C2180B8BF00BCC502 /* Mortal.swift */,
				07B6DAA7219CE4EE00061F72 /* Movable.swift */,
			);
			path = Components;
			sourceTree = "<group>";
		};
		077CD95E2180B97600BCC502 /* Characters */ = {
			isa = PBXGroup;
			children = (
				077CD95F2180B99500BCC502 /* Character.swift */,
				077CD9602180B99500BCC502 /* CharacterTurn.swift */,
				077CD9612180B99500BCC502 /* CharacterView.swift */,
			);
			path = Characters;
			sourceTree = "<group>";
		};
		07B6DAAD219CF05F00061F72 /* Map */ = {
			isa = PBXGroup;
			children = (
				07B6DAB2219CF07600061F72 /* HxMap.swift */,
				07B6DAB3219CF07600061F72 /* HxCell.swift */,
				07B6DAB0219CF07600061F72 /* HxGrid.swift */,
				07B6DAB4219CF07700061F72 /* HxMapView.swift */,
				07B6DAAF219CF07600061F72 /* HxCellView.swift */,
				07B6DAB6219CF07700061F72 /* HxCoordinates.swift */,
				07B6DAB1219CF07600061F72 /* HxDirection.swift */,
				07B6DAAE219CF07600061F72 /* HxMapObject.swift */,
				07B6DAB5219CF07700061F72 /* HxMapObjectView.swift */,
			);
			path = Map;
			sourceTree = "<group>";
		};
		07BEFC6C217D2AD0004AA00A /* TurnActions */ = {
			isa = PBXGroup;
			children = (
				07BEFC6E217D2B43004AA00A /* TurnAction.swift */,
				071F4DE3218B63F6005C7B24 /* TurnActionDamage.swift */,
				07BEFC6D217D2B43004AA00A /* TurnActionMove.swift */,
				07BEFC71217D2B43004AA00A /* TurnActionSkip.swift */,
				071F4DE9218B949D005C7B24 /* TurnActionTarget.swift */,
				071F4DE5218B6F08005C7B24 /* TurnActionCommonShoot.swift */,
				07517E372190BA7800A4D77C /* TurnActionSplashShoot.swift */,
				07356FBE2190CC5F009C88C7 /* TurnActionAllDirectionsShoot.swift */,
				07356FC02190D7E4009C88C7 /* TurnActionThrowStone.swift */,
				07356FC22190D9A6009C88C7 /* TurnActionLightning.swift */,
				07356FC42190E4C3009C88C7 /* TurnActionFireSection.swift */,
				07356FC62190F567009C88C7 /* TurnActionOneDirectionShoot.swift */,
				07B6DAA9219CE5F500061F72 /* TurnActionBlow.swift */,
				07B6DAAB219CEDA300061F72 /* TurnActionHeal.swift */,
			);
			path = TurnActions;
			sourceTree = "<group>";
		};
		07DBB27420A0EFD2006DB7F7 = {
			isa = PBXGroup;
			children = (
				07DBB27F20A0EFD2006DB7F7 /* tacticalduel */,
				07DBB29A20A0EFD4006DB7F7 /* tacticalduelTests */,
				07DBB2A520A0EFD4006DB7F7 /* tacticalduelUITests */,
				07DBB27E20A0EFD2006DB7F7 /* Products */,
				07DBB2BD20A0F174006DB7F7 /* Frameworks */,
			);
			sourceTree = "<group>";
		};
		07DBB27E20A0EFD2006DB7F7 /* Products */ = {
			isa = PBXGroup;
			children = (
				07DBB27D20A0EFD2006DB7F7 /* tacticalduel.app */,
				07DBB29720A0EFD4006DB7F7 /* tacticalduelTests.xctest */,
				07DBB2A220A0EFD4006DB7F7 /* tacticalduelUITests.xctest */,
			);
			name = Products;
			sourceTree = "<group>";
		};
		07DBB27F20A0EFD2006DB7F7 /* tacticalduel */ = {
			isa = PBXGroup;
			children = (
				07B6DAAD219CF05F00061F72 /* Map */,
				077CD95E2180B97600BCC502 /* Characters */,
				077CD957217FC13400BCC502 /* Components */,
				07BEFC6C217D2AD0004AA00A /* TurnActions */,
				07205D5C2173E0E10010E3E0 /* Supporting Files */,
				07DBB28620A0EFD2006DB7F7 /* GameScene.swift */,
				07DBB28820A0EFD2006DB7F7 /* GameViewController.swift */,
				071F4DE7218B6F3B005C7B24 /* GameBalance.swift */,
			);
			path = tacticalduel;
			sourceTree = "<group>";
		};
		07DBB29A20A0EFD4006DB7F7 /* tacticalduelTests */ = {
			isa = PBXGroup;
			children = (
				07DBB29B20A0EFD4006DB7F7 /* tacticalduelTests.swift */,
				07DBB29D20A0EFD4006DB7F7 /* Info.plist */,
			);
			path = tacticalduelTests;
			sourceTree = "<group>";
		};
		07DBB2A520A0EFD4006DB7F7 /* tacticalduelUITests */ = {
			isa = PBXGroup;
			children = (
				07DBB2A620A0EFD4006DB7F7 /* tacticalduelUITests.swift */,
				07DBB2A820A0EFD4006DB7F7 /* Info.plist */,
			);
			path = tacticalduelUITests;
			sourceTree = "<group>";
		};
		07DBB2BD20A0F174006DB7F7 /* Frameworks */ = {
			isa = PBXGroup;
			children = (
				07DBB2C820A0FBB4006DB7F7 /* Hexamap.framework */,
				07DBB2C620A0F89D006DB7F7 /* hexamap.framework */,
				07DBB2BE20A0F174006DB7F7 /* hexamap.framework */,
			);
			name = Frameworks;
			sourceTree = "<group>";
		};
/* End PBXGroup section */

/* Begin PBXNativeTarget section */
		07DBB27C20A0EFD2006DB7F7 /* tacticalduel */ = {
			isa = PBXNativeTarget;
			buildConfigurationList = 07DBB2AB20A0EFD4006DB7F7 /* Build configuration list for PBXNativeTarget "tacticalduel" */;
			buildPhases = (
				07DBB27920A0EFD2006DB7F7 /* Sources */,
				07DBB27A20A0EFD2006DB7F7 /* Frameworks */,
				07DBB27B20A0EFD2006DB7F7 /* Resources */,
			);
			buildRules = (
			);
			dependencies = (
			);
			name = tacticalduel;
			productName = tacticalduel;
			productReference = 07DBB27D20A0EFD2006DB7F7 /* tacticalduel.app */;
			productType = "com.apple.product-type.application";
		};
		07DBB29620A0EFD4006DB7F7 /* tacticalduelTests */ = {
			isa = PBXNativeTarget;
			buildConfigurationList = 07DBB2AE20A0EFD4006DB7F7 /* Build configuration list for PBXNativeTarget "tacticalduelTests" */;
			buildPhases = (
				07DBB29320A0EFD4006DB7F7 /* Sources */,
				07DBB29420A0EFD4006DB7F7 /* Frameworks */,
				07DBB29520A0EFD4006DB7F7 /* Resources */,
			);
			buildRules = (
			);
			dependencies = (
				07DBB29920A0EFD4006DB7F7 /* PBXTargetDependency */,
			);
			name = tacticalduelTests;
			productName = tacticalduelTests;
			productReference = 07DBB29720A0EFD4006DB7F7 /* tacticalduelTests.xctest */;
			productType = "com.apple.product-type.bundle.unit-test";
		};
		07DBB2A120A0EFD4006DB7F7 /* tacticalduelUITests */ = {
			isa = PBXNativeTarget;
			buildConfigurationList = 07DBB2B120A0EFD4006DB7F7 /* Build configuration list for PBXNativeTarget "tacticalduelUITests" */;
			buildPhases = (
				07DBB29E20A0EFD4006DB7F7 /* Sources */,
				07DBB29F20A0EFD4006DB7F7 /* Frameworks */,
				07DBB2A020A0EFD4006DB7F7 /* Resources */,
			);
			buildRules = (
			);
			dependencies = (
				07DBB2A420A0EFD4006DB7F7 /* PBXTargetDependency */,
			);
			name = tacticalduelUITests;
			productName = tacticalduelUITests;
			productReference = 07DBB2A220A0EFD4006DB7F7 /* tacticalduelUITests.xctest */;
			productType = "com.apple.product-type.bundle.ui-testing";
		};
/* End PBXNativeTarget section */

/* Begin PBXProject section */
		07DBB27520A0EFD2006DB7F7 /* Project object */ = {
			isa = PBXProject;
			attributes = {
				LastSwiftUpdateCheck = 0930;
				LastUpgradeCheck = 0930;
				ORGANIZATIONNAME = "Dmitry Fomin";
				TargetAttributes = {
					07DBB27C20A0EFD2006DB7F7 = {
						CreatedOnToolsVersion = 9.3;
						LastSwiftMigration = 1000;
					};
					07DBB29620A0EFD4006DB7F7 = {
						CreatedOnToolsVersion = 9.3;
						LastSwiftMigration = 1000;
						TestTargetID = 07DBB27C20A0EFD2006DB7F7;
					};
					07DBB2A120A0EFD4006DB7F7 = {
						CreatedOnToolsVersion = 9.3;
						LastSwiftMigration = 1000;
						TestTargetID = 07DBB27C20A0EFD2006DB7F7;
					};
				};
			};
			buildConfigurationList = 07DBB27820A0EFD2006DB7F7 /* Build configuration list for PBXProject "tacticalduel" */;
			compatibilityVersion = "Xcode 9.3";
			developmentRegion = en;
			hasScannedForEncodings = 0;
			knownRegions = (
				en,
				Base,
			);
			mainGroup = 07DBB27420A0EFD2006DB7F7;
			productRefGroup = 07DBB27E20A0EFD2006DB7F7 /* Products */;
			projectDirPath = "";
			projectRoot = "";
			targets = (
				07DBB27C20A0EFD2006DB7F7 /* tacticalduel */,
				07DBB29620A0EFD4006DB7F7 /* tacticalduelTests */,
				07DBB2A120A0EFD4006DB7F7 /* tacticalduelUITests */,
			);
		};
/* End PBXProject section */

/* Begin PBXResourcesBuildPhase section */
		07DBB27B20A0EFD2006DB7F7 /* Resources */ = {
			isa = PBXResourcesBuildPhase;
			buildActionMask = 2147483647;
			files = (
				07DBB28C20A0EFD2006DB7F7 /* Main.storyboard in Resources */,
				07DBB28E20A0EFD4006DB7F7 /* Assets.xcassets in Resources */,
				07DBB29120A0EFD4006DB7F7 /* LaunchScreen.storyboard in Resources */,
			);
			runOnlyForDeploymentPostprocessing = 0;
		};
		07DBB29520A0EFD4006DB7F7 /* Resources */ = {
			isa = PBXResourcesBuildPhase;
			buildActionMask = 2147483647;
			files = (
			);
			runOnlyForDeploymentPostprocessing = 0;
		};
		07DBB2A020A0EFD4006DB7F7 /* Resources */ = {
			isa = PBXResourcesBuildPhase;
			buildActionMask = 2147483647;
			files = (
			);
			runOnlyForDeploymentPostprocessing = 0;
		};
/* End PBXResourcesBuildPhase section */

/* Begin PBXSourcesBuildPhase section */
		07DBB27920A0EFD2006DB7F7 /* Sources */ = {
			isa = PBXSourcesBuildPhase;
			buildActionMask = 2147483647;
			files = (
				07B6DAA8219CE4EE00061F72 /* Movable.swift in Sources */,
				07DBB28720A0EFD2006DB7F7 /* GameScene.swift in Sources */,
				07BEFC76217D2B43004AA00A /* TurnActionSkip.swift in Sources */,
				07B6DAAC219CEDA300061F72 /* TurnActionHeal.swift in Sources */,
				077CD9622180B99500BCC502 /* Character.swift in Sources */,
				077CD9642180B99500BCC502 /* CharacterView.swift in Sources */,
				07517E382190BA7800A4D77C /* TurnActionSplashShoot.swift in Sources */,
				07B6DABA219CF07700061F72 /* HxDirection.swift in Sources */,
				07BEFC72217D2B43004AA00A /* TurnActionMove.swift in Sources */,
				07B6DABF219CF07700061F72 /* HxCoordinates.swift in Sources */,
				07356FBF2190CC5F009C88C7 /* TurnActionAllDirectionsShoot.swift in Sources */,
				07B6DAB7219CF07700061F72 /* HxMapObject.swift in Sources */,
				07B6DAAA219CE5F500061F72 /* TurnActionBlow.swift in Sources */,
				07DBB28920A0EFD2006DB7F7 /* GameViewController.swift in Sources */,
				07B6DABD219CF07700061F72 /* HxMapView.swift in Sources */,
				077CD95D2180B8BF00BCC502 /* Mortal.swift in Sources */,
				07356FC72190F567009C88C7 /* TurnActionOneDirectionShoot.swift in Sources */,
				07B6DABE219CF07700061F72 /* HxMapObjectView.swift in Sources */,
				071F4DE8218B6F3B005C7B24 /* GameBalance.swift in Sources */,
				07356FC12190D7E4009C88C7 /* TurnActionThrowStone.swift in Sources */,
				071F4DEA218B949D005C7B24 /* TurnActionTarget.swift in Sources */,
				07B6DAB9219CF07700061F72 /* HxGrid.swift in Sources */,
				077CD9632180B99500BCC502 /* CharacterTurn.swift in Sources */,
				07B6DABB219CF07700061F72 /* HxMap.swift in Sources */,
				07356FC52190E4C3009C88C7 /* TurnActionFireSection.swift in Sources */,
				07BEFC73217D2B43004AA00A /* TurnAction.swift in Sources */,
				071F4DE6218B6F08005C7B24 /* TurnActionCommonShoot.swift in Sources */,
				07DBB28120A0EFD2006DB7F7 /* AppDelegate.swift in Sources */,
				071F4DE4218B63F6005C7B24 /* TurnActionDamage.swift in Sources */,
				07B6DAB8219CF07700061F72 /* HxCellView.swift in Sources */,
				07356FC32190D9A6009C88C7 /* TurnActionLightning.swift in Sources */,
				07B6DABC219CF07700061F72 /* HxCell.swift in Sources */,
			);
			runOnlyForDeploymentPostprocessing = 0;
		};
		07DBB29320A0EFD4006DB7F7 /* Sources */ = {
			isa = PBXSourcesBuildPhase;
			buildActionMask = 2147483647;
			files = (
				07DBB29C20A0EFD4006DB7F7 /* tacticalduelTests.swift in Sources */,
			);
			runOnlyForDeploymentPostprocessing = 0;
		};
		07DBB29E20A0EFD4006DB7F7 /* Sources */ = {
			isa = PBXSourcesBuildPhase;
			buildActionMask = 2147483647;
			files = (
				07DBB2A720A0EFD4006DB7F7 /* tacticalduelUITests.swift in Sources */,
			);
			runOnlyForDeploymentPostprocessing = 0;
		};
/* End PBXSourcesBuildPhase section */

/* Begin PBXTargetDependency section */
		07DBB29920A0EFD4006DB7F7 /* PBXTargetDependency */ = {
			isa = PBXTargetDependency;
			target = 07DBB27C20A0EFD2006DB7F7 /* tacticalduel */;
			targetProxy = 07DBB29820A0EFD4006DB7F7 /* PBXContainerItemProxy */;
		};
		07DBB2A420A0EFD4006DB7F7 /* PBXTargetDependency */ = {
			isa = PBXTargetDependency;
			target = 07DBB27C20A0EFD2006DB7F7 /* tacticalduel */;
			targetProxy = 07DBB2A320A0EFD4006DB7F7 /* PBXContainerItemProxy */;
		};
/* End PBXTargetDependency section */

/* Begin PBXVariantGroup section */
		07DBB28A20A0EFD2006DB7F7 /* Main.storyboard */ = {
			isa = PBXVariantGroup;
			children = (
				07DBB28B20A0EFD2006DB7F7 /* Base */,
			);
			name = Main.storyboard;
			sourceTree = "<group>";
		};
		07DBB28F20A0EFD4006DB7F7 /* LaunchScreen.storyboard */ = {
			isa = PBXVariantGroup;
			children = (
				07DBB29020A0EFD4006DB7F7 /* Base */,
			);
			name = LaunchScreen.storyboard;
			sourceTree = "<group>";
		};
/* End PBXVariantGroup section */

/* Begin XCBuildConfiguration section */
		07DBB2A920A0EFD4006DB7F7 /* Debug */ = {
			isa = XCBuildConfiguration;
			buildSettings = {
				ALWAYS_SEARCH_USER_PATHS = NO;
				CLANG_ANALYZER_NONNULL = YES;
				CLANG_ANALYZER_NUMBER_OBJECT_CONVERSION = YES_AGGRESSIVE;
				CLANG_CXX_LANGUAGE_STANDARD = "gnu++14";
				CLANG_CXX_LIBRARY = "libc++";
				CLANG_ENABLE_MODULES = YES;
				CLANG_ENABLE_OBJC_ARC = YES;
				CLANG_ENABLE_OBJC_WEAK = YES;
				CLANG_WARN_BLOCK_CAPTURE_AUTORELEASING = YES;
				CLANG_WARN_BOOL_CONVERSION = YES;
				CLANG_WARN_COMMA = YES;
				CLANG_WARN_CONSTANT_CONVERSION = YES;
				CLANG_WARN_DEPRECATED_OBJC_IMPLEMENTATIONS = YES;
				CLANG_WARN_DIRECT_OBJC_ISA_USAGE = YES_ERROR;
				CLANG_WARN_DOCUMENTATION_COMMENTS = YES;
				CLANG_WARN_EMPTY_BODY = YES;
				CLANG_WARN_ENUM_CONVERSION = YES;
				CLANG_WARN_INFINITE_RECURSION = YES;
				CLANG_WARN_INT_CONVERSION = YES;
				CLANG_WARN_NON_LITERAL_NULL_CONVERSION = YES;
				CLANG_WARN_OBJC_IMPLICIT_RETAIN_SELF = YES;
				CLANG_WARN_OBJC_LITERAL_CONVERSION = YES;
				CLANG_WARN_OBJC_ROOT_CLASS = YES_ERROR;
				CLANG_WARN_RANGE_LOOP_ANALYSIS = YES;
				CLANG_WARN_STRICT_PROTOTYPES = YES;
				CLANG_WARN_SUSPICIOUS_MOVE = YES;
				CLANG_WARN_UNGUARDED_AVAILABILITY = YES_AGGRESSIVE;
				CLANG_WARN_UNREACHABLE_CODE = YES;
				CLANG_WARN__DUPLICATE_METHOD_MATCH = YES;
				CODE_SIGN_IDENTITY = "iPhone Developer";
				COPY_PHASE_STRIP = NO;
				DEBUG_INFORMATION_FORMAT = dwarf;
				ENABLE_STRICT_OBJC_MSGSEND = YES;
				ENABLE_TESTABILITY = YES;
				GCC_C_LANGUAGE_STANDARD = gnu11;
				GCC_DYNAMIC_NO_PIC = NO;
				GCC_NO_COMMON_BLOCKS = YES;
				GCC_OPTIMIZATION_LEVEL = 0;
				GCC_PREPROCESSOR_DEFINITIONS = (
					"DEBUG=1",
					"$(inherited)",
				);
				GCC_WARN_64_TO_32_BIT_CONVERSION = YES;
				GCC_WARN_ABOUT_RETURN_TYPE = YES_ERROR;
				GCC_WARN_UNDECLARED_SELECTOR = YES;
				GCC_WARN_UNINITIALIZED_AUTOS = YES_AGGRESSIVE;
				GCC_WARN_UNUSED_FUNCTION = YES;
				GCC_WARN_UNUSED_VARIABLE = YES;
				IPHONEOS_DEPLOYMENT_TARGET = 11.3;
				MTL_ENABLE_DEBUG_INFO = YES;
				ONLY_ACTIVE_ARCH = YES;
				SDKROOT = iphoneos;
				SWIFT_ACTIVE_COMPILATION_CONDITIONS = DEBUG;
				SWIFT_OPTIMIZATION_LEVEL = "-Onone";
			};
			name = Debug;
		};
		07DBB2AA20A0EFD4006DB7F7 /* Release */ = {
			isa = XCBuildConfiguration;
			buildSettings = {
				ALWAYS_SEARCH_USER_PATHS = NO;
				CLANG_ANALYZER_NONNULL = YES;
				CLANG_ANALYZER_NUMBER_OBJECT_CONVERSION = YES_AGGRESSIVE;
				CLANG_CXX_LANGUAGE_STANDARD = "gnu++14";
				CLANG_CXX_LIBRARY = "libc++";
				CLANG_ENABLE_MODULES = YES;
				CLANG_ENABLE_OBJC_ARC = YES;
				CLANG_ENABLE_OBJC_WEAK = YES;
				CLANG_WARN_BLOCK_CAPTURE_AUTORELEASING = YES;
				CLANG_WARN_BOOL_CONVERSION = YES;
				CLANG_WARN_COMMA = YES;
				CLANG_WARN_CONSTANT_CONVERSION = YES;
				CLANG_WARN_DEPRECATED_OBJC_IMPLEMENTATIONS = YES;
				CLANG_WARN_DIRECT_OBJC_ISA_USAGE = YES_ERROR;
				CLANG_WARN_DOCUMENTATION_COMMENTS = YES;
				CLANG_WARN_EMPTY_BODY = YES;
				CLANG_WARN_ENUM_CONVERSION = YES;
				CLANG_WARN_INFINITE_RECURSION = YES;
				CLANG_WARN_INT_CONVERSION = YES;
				CLANG_WARN_NON_LITERAL_NULL_CONVERSION = YES;
				CLANG_WARN_OBJC_IMPLICIT_RETAIN_SELF = YES;
				CLANG_WARN_OBJC_LITERAL_CONVERSION = YES;
				CLANG_WARN_OBJC_ROOT_CLASS = YES_ERROR;
				CLANG_WARN_RANGE_LOOP_ANALYSIS = YES;
				CLANG_WARN_STRICT_PROTOTYPES = YES;
				CLANG_WARN_SUSPICIOUS_MOVE = YES;
				CLANG_WARN_UNGUARDED_AVAILABILITY = YES_AGGRESSIVE;
				CLANG_WARN_UNREACHABLE_CODE = YES;
				CLANG_WARN__DUPLICATE_METHOD_MATCH = YES;
				CODE_SIGN_IDENTITY = "iPhone Developer";
				COPY_PHASE_STRIP = NO;
				DEBUG_INFORMATION_FORMAT = "dwarf-with-dsym";
				ENABLE_NS_ASSERTIONS = NO;
				ENABLE_STRICT_OBJC_MSGSEND = YES;
				GCC_C_LANGUAGE_STANDARD = gnu11;
				GCC_NO_COMMON_BLOCKS = YES;
				GCC_WARN_64_TO_32_BIT_CONVERSION = YES;
				GCC_WARN_ABOUT_RETURN_TYPE = YES_ERROR;
				GCC_WARN_UNDECLARED_SELECTOR = YES;
				GCC_WARN_UNINITIALIZED_AUTOS = YES_AGGRESSIVE;
				GCC_WARN_UNUSED_FUNCTION = YES;
				GCC_WARN_UNUSED_VARIABLE = YES;
				IPHONEOS_DEPLOYMENT_TARGET = 11.3;
				MTL_ENABLE_DEBUG_INFO = NO;
				SDKROOT = iphoneos;
				SWIFT_COMPILATION_MODE = wholemodule;
				SWIFT_OPTIMIZATION_LEVEL = "-O";
				VALIDATE_PRODUCT = YES;
			};
			name = Release;
		};
		07DBB2AC20A0EFD4006DB7F7 /* Debug */ = {
			isa = XCBuildConfiguration;
			buildSettings = {
				ASSETCATALOG_COMPILER_APPICON_NAME = AppIcon;
				CODE_SIGN_STYLE = Automatic;
				DEVELOPMENT_TEAM = 4GXW7T6UYJ;
				INFOPLIST_FILE = tacticalduel/Info.plist;
				LD_RUNPATH_SEARCH_PATHS = (
					"$(inherited)",
					"@executable_path/Frameworks",
				);
				PRODUCT_BUNDLE_IDENTIFIER = com.dfomin.tacticalduel;
				PRODUCT_NAME = "$(TARGET_NAME)";
				SWIFT_VERSION = 4.2;
				TARGETED_DEVICE_FAMILY = "1,2";
			};
			name = Debug;
		};
		07DBB2AD20A0EFD4006DB7F7 /* Release */ = {
			isa = XCBuildConfiguration;
			buildSettings = {
				ASSETCATALOG_COMPILER_APPICON_NAME = AppIcon;
				CODE_SIGN_STYLE = Automatic;
				DEVELOPMENT_TEAM = 4GXW7T6UYJ;
				INFOPLIST_FILE = tacticalduel/Info.plist;
				LD_RUNPATH_SEARCH_PATHS = (
					"$(inherited)",
					"@executable_path/Frameworks",
				);
				PRODUCT_BUNDLE_IDENTIFIER = com.dfomin.tacticalduel;
				PRODUCT_NAME = "$(TARGET_NAME)";
				SWIFT_VERSION = 4.2;
				TARGETED_DEVICE_FAMILY = "1,2";
			};
			name = Release;
		};
		07DBB2AF20A0EFD4006DB7F7 /* Debug */ = {
			isa = XCBuildConfiguration;
			buildSettings = {
				ALWAYS_EMBED_SWIFT_STANDARD_LIBRARIES = YES;
				BUNDLE_LOADER = "$(TEST_HOST)";
				CODE_SIGN_STYLE = Automatic;
				DEVELOPMENT_TEAM = 4GXW7T6UYJ;
				INFOPLIST_FILE = tacticalduelTests/Info.plist;
				LD_RUNPATH_SEARCH_PATHS = (
					"$(inherited)",
					"@executable_path/Frameworks",
					"@loader_path/Frameworks",
				);
				PRODUCT_BUNDLE_IDENTIFIER = com.dfomin.tacticalduelTests;
				PRODUCT_NAME = "$(TARGET_NAME)";
				SWIFT_VERSION = 4.2;
				TARGETED_DEVICE_FAMILY = "1,2";
				TEST_HOST = "$(BUILT_PRODUCTS_DIR)/tacticalduel.app/tacticalduel";
			};
			name = Debug;
		};
		07DBB2B020A0EFD4006DB7F7 /* Release */ = {
			isa = XCBuildConfiguration;
			buildSettings = {
				ALWAYS_EMBED_SWIFT_STANDARD_LIBRARIES = YES;
				BUNDLE_LOADER = "$(TEST_HOST)";
				CODE_SIGN_STYLE = Automatic;
				DEVELOPMENT_TEAM = 4GXW7T6UYJ;
				INFOPLIST_FILE = tacticalduelTests/Info.plist;
				LD_RUNPATH_SEARCH_PATHS = (
					"$(inherited)",
					"@executable_path/Frameworks",
					"@loader_path/Frameworks",
				);
				PRODUCT_BUNDLE_IDENTIFIER = com.dfomin.tacticalduelTests;
				PRODUCT_NAME = "$(TARGET_NAME)";
				SWIFT_VERSION = 4.2;
				TARGETED_DEVICE_FAMILY = "1,2";
				TEST_HOST = "$(BUILT_PRODUCTS_DIR)/tacticalduel.app/tacticalduel";
			};
			name = Release;
		};
		07DBB2B220A0EFD4006DB7F7 /* Debug */ = {
			isa = XCBuildConfiguration;
			buildSettings = {
				ALWAYS_EMBED_SWIFT_STANDARD_LIBRARIES = YES;
				CODE_SIGN_STYLE = Automatic;
				DEVELOPMENT_TEAM = 4GXW7T6UYJ;
				INFOPLIST_FILE = tacticalduelUITests/Info.plist;
				LD_RUNPATH_SEARCH_PATHS = (
					"$(inherited)",
					"@executable_path/Frameworks",
					"@loader_path/Frameworks",
				);
				PRODUCT_BUNDLE_IDENTIFIER = com.dfomin.tacticalduelUITests;
				PRODUCT_NAME = "$(TARGET_NAME)";
				SWIFT_VERSION = 4.2;
				TARGETED_DEVICE_FAMILY = "1,2";
				TEST_TARGET_NAME = tacticalduel;
			};
			name = Debug;
		};
		07DBB2B320A0EFD4006DB7F7 /* Release */ = {
			isa = XCBuildConfiguration;
			buildSettings = {
				ALWAYS_EMBED_SWIFT_STANDARD_LIBRARIES = YES;
				CODE_SIGN_STYLE = Automatic;
				DEVELOPMENT_TEAM = 4GXW7T6UYJ;
				INFOPLIST_FILE = tacticalduelUITests/Info.plist;
				LD_RUNPATH_SEARCH_PATHS = (
					"$(inherited)",
					"@executable_path/Frameworks",
					"@loader_path/Frameworks",
				);
				PRODUCT_BUNDLE_IDENTIFIER = com.dfomin.tacticalduelUITests;
				PRODUCT_NAME = "$(TARGET_NAME)";
				SWIFT_VERSION = 4.2;
				TARGETED_DEVICE_FAMILY = "1,2";
				TEST_TARGET_NAME = tacticalduel;
			};
			name = Release;
		};
/* End XCBuildConfiguration section */

/* Begin XCConfigurationList section */
		07DBB27820A0EFD2006DB7F7 /* Build configuration list for PBXProject "tacticalduel" */ = {
			isa = XCConfigurationList;
			buildConfigurations = (
				07DBB2A920A0EFD4006DB7F7 /* Debug */,
				07DBB2AA20A0EFD4006DB7F7 /* Release */,
			);
			defaultConfigurationIsVisible = 0;
			defaultConfigurationName = Release;
		};
		07DBB2AB20A0EFD4006DB7F7 /* Build configuration list for PBXNativeTarget "tacticalduel" */ = {
			isa = XCConfigurationList;
			buildConfigurations = (
				07DBB2AC20A0EFD4006DB7F7 /* Debug */,
				07DBB2AD20A0EFD4006DB7F7 /* Release */,
			);
			defaultConfigurationIsVisible = 0;
			defaultConfigurationName = Release;
		};
		07DBB2AE20A0EFD4006DB7F7 /* Build configuration list for PBXNativeTarget "tacticalduelTests" */ = {
			isa = XCConfigurationList;
			buildConfigurations = (
				07DBB2AF20A0EFD4006DB7F7 /* Debug */,
				07DBB2B020A0EFD4006DB7F7 /* Release */,
			);
			defaultConfigurationIsVisible = 0;
			defaultConfigurationName = Release;
		};
		07DBB2B120A0EFD4006DB7F7 /* Build configuration list for PBXNativeTarget "tacticalduelUITests" */ = {
			isa = XCConfigurationList;
			buildConfigurations = (
				07DBB2B220A0EFD4006DB7F7 /* Debug */,
				07DBB2B320A0EFD4006DB7F7 /* Release */,
			);
			defaultConfigurationIsVisible = 0;
			defaultConfigurationName = Release;
		};
/* End XCConfigurationList section */
	};
	rootObject = 07DBB27520A0EFD2006DB7F7 /* Project object */;
}
